
Microsoft Visual Studio Solution File, Format Version 12.00
# Visual Studio Version 17
VisualStudioVersion = 17.11.35219.272
MinimumVisualStudioVersion = 10.0.40219.1
Project("{FAE04EC0-301F-11D3-BF4B-00C04F79EFBC}") = "Fitness.BL", "Fitness.BL\Fitness.BL.csproj", "{EDC07144-2CA5-4704-8A60-F7F627F99D5C}"
EndProject
Project("{FAE04EC0-301F-11D3-BF4B-00C04F79EFBC}") = "Fitness.CMD", "Fitness.CMD\Fitness.CMD.csproj", "{9F7642E7-31B2-4C10-9695-C49657B7622B}"
EndProject
Project("{FAE04EC0-301F-11D3-BF4B-00C04F79EFBC}") = "Fitness.BLTests", "Fitness.BLTests\Fitness.BLTests.csproj", "{86EBC3DA-3E80-4707-BF45-07BD49653BDE}"
EndProject
Global
	GlobalSection(SolutionConfigurationPlatforms) = preSolution
		Debug|Any CPU = Debug|Any CPU
		Release|Any CPU = Release|Any CPU
	EndGlobalSection
	GlobalSection(ProjectConfigurationPlatforms) = postSolution
		{EDC07144-2CA5-4704-8A60-F7F627F99D5C}.Debug|Any CPU.ActiveCfg = Debug|Any CPU
		{EDC07144-2CA5-4704-8A60-F7F627F99D5C}.Debug|Any CPU.Build.0 = Debug|Any CPU
		{EDC07144-2CA5-4704-8A60-F7F627F99D5C}.Release|Any CPU.ActiveCfg = Release|Any CPU
		{EDC07144-2CA5-4704-8A60-F7F627F99D5C}.Release|Any CPU.Build.0 = Release|Any CPU
		{9F7642E7-31B2-4C10-9695-C49657B7622B}.Debug|Any CPU.ActiveCfg = Debug|Any CPU
		{9F7642E7-31B2-4C10-9695-C49657B7622B}.Debug|Any CPU.Build.0 = Debug|Any CPU
		{9F7642E7-31B2-4C10-9695-C49657B7622B}.Release|Any CPU.ActiveCfg = Release|Any CPU
		{9F7642E7-31B2-4C10-9695-C49657B7622B}.Release|Any CPU.Build.0 = Release|Any CPU
		{86EBC3DA-3E80-4707-BF45-07BD49653BDE}.Debug|Any CPU.ActiveCfg = Debug|Any CPU
		{86EBC3DA-3E80-4707-BF45-07BD49653BDE}.Debug|Any CPU.Build.0 = Debug|Any CPU
		{86EBC3DA-3E80-4707-BF45-07BD49653BDE}.Release|Any CPU.ActiveCfg = Release|Any CPU
		{86EBC3DA-3E80-4707-BF45-07BD49653BDE}.Release|Any CPU.Build.0 = Release|Any CPU
	EndGlobalSection
	GlobalSection(SolutionProperties) = preSolution
		HideSolutionNode = FALSE
	EndGlobalSection
	GlobalSection(ExtensibilityGlobals) = postSolution
		SolutionGuid = {B1699BC2-44D9-480D-BAA7-08F4AE4B0378}
	EndGlobalSection
EndGlobal
